
Microsoft Visual Studio Solution File, Format Version 12.00
# Visual Studio Version 16
VisualStudioVersion = 25.0.1703.0
MinimumVisualStudioVersion = 10.0.40219.1
Project("{F2A71F9B-5D33-465A-A702-920D77279786}") = "GflatConsole", "GflatConsole\GflatConsole.fsproj", "{75AAFFD6-39CC-4560-AD6F-D96BE9B29EBB}"
EndProject
Project("{2150E333-8FDC-42A3-9474-1A3956D46DE8}") = "Solution Items", "Solution Items", "{CFADB468-CC7D-4E71-86AA-CA44FB30E4FF}"
	ProjectSection(SolutionItems) = preProject
		README.md = README.md
	EndProjectSection
EndProject
Global
	GlobalSection(SolutionConfigurationPlatforms) = preSolution
		Debug|Any CPU = Debug|Any CPU
		Release|Any CPU = Release|Any CPU
	EndGlobalSection
	GlobalSection(ProjectConfigurationPlatforms) = postSolution
		{75AAFFD6-39CC-4560-AD6F-D96BE9B29EBB}.Debug|Any CPU.ActiveCfg = Debug|Any CPU
		{75AAFFD6-39CC-4560-AD6F-D96BE9B29EBB}.Debug|Any CPU.Build.0 = Debug|Any CPU
		{75AAFFD6-39CC-4560-AD6F-D96BE9B29EBB}.Release|Any CPU.ActiveCfg = Release|Any CPU
		{75AAFFD6-39CC-4560-AD6F-D96BE9B29EBB}.Release|Any CPU.Build.0 = Release|Any CPU
	EndGlobalSection
	GlobalSection(SolutionProperties) = preSolution
		HideSolutionNode = FALSE
	EndGlobalSection
	GlobalSection(ExtensibilityGlobals) = postSolution
		SolutionGuid = {DAED95CB-B394-4A0E-A166-E8F7A27CCA2B}
	EndGlobalSection
EndGlobal
